{
  "name": "linear-turso-e2e",
  "lockfileVersion": 3,
  "requires": true,
  "packages": {
    "": {
      "name": "linear-turso-e2e",
      "dependencies": {
        "@tursodatabase/sync": "0.7.1"
      }
    },
    "node_modules/@tursodatabase/database-common": {
      "version": "0.7.2",
      "resolved": "https://registry.npmjs.org/@tursodatabase/database-common/-/database-common-0.7.2.tgz",
      "integrity": "sha512-c4uWaA5m7nyDemUrjvX6lQQ89cBxv1jCv7nmwq5JoagyXgbMxDeBfLcY7N5kn0oEcnD0Y+cf09S0wKEXKFKbfg==",
      "license": "MIT"
    },
    "node_modules/@tursodatabase/serverless": {
      "version": "0.2.4",
      "resolved": "https://registry.npmjs.org/@tursodatabase/serverless/-/serverless-0.2.4.tgz",
      "integrity": "sha512-kqf3FINvTGx8N1iH/4e1Dkbr/om5q9qitshzvljtQXwZFQIsVP/mDE76mGg9U2dg/ElOZKFKtT1VXDgd39Dr1w==",
      "license": "MIT"
    },
    "node_modules/@tursodatabase/sync": {
      "version": "0.7.1",
      "resolved": "https://registry.npmjs.org/@tursodatabase/sync/-/sync-0.7.1.tgz",
      "integrity": "sha512-kFxuYauxjT3mncp82tUm2T3kGBBMvvYyG4TfXpY4b41dQQY467GbfAq+ZzOIDH+xEdW1o1k+Ua2KaRE4nUziQA==",
      "license": "MIT",
      "dependencies": {
        "@tursodatabase/database-common": "^0.7.1",
        "@tursodatabase/sync-common": "^0.7.1"
      },
      "optionalDependencies": {
        "@tursodatabase/sync-darwin-arm64": "0.7.1",
        "@tursodatabase/sync-linux-arm64-gnu": "0.7.1",
        "@tursodatabase/sync-linux-x64-gnu": "0.7.1",
        "@tursodatabase/sync-win32-x64-msvc": "0.7.1"
      }
    },
    "node_modules/@tursodatabase/sync-common": {
      "version": "0.7.2",
      "resolved": "https://registry.npmjs.org/@tursodatabase/sync-common/-/sync-common-0.7.2.tgz",
      "integrity": "sha512-cme6b5EeYQ4YbPtILpfJQyIrv39FSEAMhk5614MKBpeb2Auv1K89k22lEKvC8uARuXptFDbs5iFplIoXpcQHTg==",
      "license": "MIT",
      "dependencies": {
        "@tursodatabase/database-common": "^0.7.2",
        "@tursodatabase/serverless": "^0.2.2"
      }
    },
    "node_modules/@tursodatabase/sync-darwin-arm64": {
      "version": "0.7.1",
      "resolved": "https://registry.npmjs.org/@tursodatabase/sync-darwin-arm64/-/sync-darwin-arm64-0.7.1.tgz",
      "integrity": "sha512-qCZ6+0/kwkhsaqcYRASbp9kyFnTCg/XuQE5oJxTcOvfBFaJkRoHzoXvFh1S50d7xU00bnltC1RVXL0jsC2cXIA==",
      "cpu": [
        "arm64"
      ],
      "license": "MIT",
      "optional": true,
      "os": [
        "darwin"
      ]
    },
    "node_modules/@tursodatabase/sync-linux-arm64-gnu": {
      "version": "0.7.1",
      "resolved": "https://registry.npmjs.org/@tursodatabase/sync-linux-arm64-gnu/-/sync-linux-arm64-gnu-0.7.1.tgz",
      "integrity": "sha512-odXErOytjQcT3+zgL9giiddSuuLu/sW49p5s7H6IrG8uFGAYB5AAVY2UayOLG7YOOMqEgPZrtb0dHzMfVAehrA==",
      "cpu": [
        "arm64"
      ],
      "libc": [
        "glibc"
      ],
      "license": "MIT",
      "optional": true,
      "os": [
        "linux"
      ]
    },
    "node_modules/@tursodatabase/sync-linux-x64-gnu": {
      "version": "0.7.1",
      "resolved": "https://registry.npmjs.org/@tursodatabase/sync-linux-x64-gnu/-/sync-linux-x64-gnu-0.7.1.tgz",
      "integrity": "sha512-RgIGvO5lB9ZdG9fgWulAXU9F2ebGM82u36el7HLCpVoIKUwQ5besyS2ASLOvLePkJKh0KCQQq4T2k+wM1CqGcQ==",
      "cpu": [
        "x64"
      ],
      "libc": [
        "glibc"
      ],
      "license": "MIT",
      "optional": true,
      "os": [
        "linux"
      ]
    },
    "node_modules/@tursodatabase/sync-win32-x64-msvc": {
      "version": "0.7.1",
      "resolved": "https://registry.npmjs.org/@tursodatabase/sync-win32-x64-msvc/-/sync-win32-x64-msvc-0.7.1.tgz",
      "integrity": "sha512-y+CiWTvPCWmjrD95LBSiP1pwiEhYd18msKHQAzeMC7BGb/PNhbDuqtKYJJls4HPZsyn8Vg9lbGS629PIMy3/jg==",
      "cpu": [
        "x64"
      ],
      "license": "MIT",
      "optional": true,
      "os": [
        "win32"
      ]
    }
  }
}
