{
  "name": "linear-turso-e2e",
  "lockfileVersion": 3,
  "requires": true,
  "packages": {
    "": {
      "name": "linear-turso-e2e",
      "dependencies": {
        "@tursodatabase/sync": "0.8.1"
      }
    },
    "node_modules/@tursodatabase/database-common": {
      "version": "0.8.1",
      "resolved": "https://registry.npmjs.org/@tursodatabase/database-common/-/database-common-0.8.1.tgz",
      "integrity": "sha512-l1XrojOmYVme5YHpEmDT2V4iavt5prNCimOS/bhg1FbmmQPM2HE59/6LcNRIaGwXoqHpBojoRflOTw+eZ3WxoA=="
    },
    "node_modules/@tursodatabase/serverless": {
      "version": "0.2.4",
      "resolved": "https://registry.npmjs.org/@tursodatabase/serverless/-/serverless-0.2.4.tgz",
      "integrity": "sha512-kqf3FINvTGx8N1iH/4e1Dkbr/om5q9qitshzvljtQXwZFQIsVP/mDE76mGg9U2dg/ElOZKFKtT1VXDgd39Dr1w=="
    },
    "node_modules/@tursodatabase/sync": {
      "version": "0.8.1",
      "resolved": "https://registry.npmjs.org/@tursodatabase/sync/-/sync-0.8.1.tgz",
      "integrity": "sha512-0kEi27NFUK3WEVLcscerEcpWPO+e87yO0BXq0htC0J1sOkdpdhhTF2yGTmOgQn60HIy3bOrebw5mToRhEhvbXw==",
      "dependencies": {
        "@tursodatabase/database-common": "^0.8.1",
        "@tursodatabase/sync-common": "^0.8.1"
      },
      "optionalDependencies": {
        "@tursodatabase/sync-darwin-arm64": "0.8.1",
        "@tursodatabase/sync-linux-arm64-gnu": "0.8.1",
        "@tursodatabase/sync-linux-x64-gnu": "0.8.1",
        "@tursodatabase/sync-win32-x64-msvc": "0.8.1"
      }
    },
    "node_modules/@tursodatabase/sync-common": {
      "version": "0.8.1",
      "resolved": "https://registry.npmjs.org/@tursodatabase/sync-common/-/sync-common-0.8.1.tgz",
      "integrity": "sha512-vNm1Z4L02r4t4M8ZEgi2qyegpmog3KsbacnQbKohdV02HsWXEZaP09/D4uBvUPiSHGWyElr4vbEDLa5e3reBhA==",
      "dependencies": {
        "@tursodatabase/database-common": "^0.8.1",
        "@tursodatabase/serverless": "^0.2.2"
      }
    },
    "node_modules/@tursodatabase/sync-darwin-arm64": {
      "version": "0.8.1",
      "resolved": "https://registry.npmjs.org/@tursodatabase/sync-darwin-arm64/-/sync-darwin-arm64-0.8.1.tgz",
      "integrity": "sha512-ickpStMcOoJqcHJ9IMMQWe13tv3Qb6DcU+OFSh4DlMuagfVNuFHkuUEPO8enOR9LyAPy/yvlEmZVDgxWh7CwUQ==",
      "cpu": [
        "arm64"
      ],
      "optional": true,
      "os": [
        "darwin"
      ]
    },
    "node_modules/@tursodatabase/sync-linux-arm64-gnu": {
      "version": "0.8.1",
      "resolved": "https://registry.npmjs.org/@tursodatabase/sync-linux-arm64-gnu/-/sync-linux-arm64-gnu-0.8.1.tgz",
      "integrity": "sha512-64QHpg3o/+IC7ilCfjOI9uDjztYBkqLfuFn+WHjDVffElDMWDEXHOu4aOBhabOH5Pb7o1K882bdF3MkFFnBiZw==",
      "cpu": [
        "arm64"
      ],
      "optional": true,
      "os": [
        "linux"
      ]
    },
    "node_modules/@tursodatabase/sync-linux-x64-gnu": {
      "version": "0.8.1",
      "resolved": "https://registry.npmjs.org/@tursodatabase/sync-linux-x64-gnu/-/sync-linux-x64-gnu-0.8.1.tgz",
      "integrity": "sha512-pHSkjqllRexDV4JahkGc8DajjSawGS4CAM70eZ/oM9rUTDB7D3+lEeN7KltaBqeNlLZ24p2FiHMr15lEPhvG+A==",
      "cpu": [
        "x64"
      ],
      "optional": true,
      "os": [
        "linux"
      ]
    },
    "node_modules/@tursodatabase/sync-win32-x64-msvc": {
      "version": "0.8.1",
      "resolved": "https://registry.npmjs.org/@tursodatabase/sync-win32-x64-msvc/-/sync-win32-x64-msvc-0.8.1.tgz",
      "integrity": "sha512-bir9itC1p6jNKwdrmGgjtISYYadvENJhy1r0+H/ZF2BtnaQ8FBU6GK3d/JcqvGm6UTlmYLTLQ+i8W23GKEyNfw==",
      "cpu": [
        "x64"
      ],
      "optional": true,
      "os": [
        "win32"
      ]
    }
  }
}
